PODS:
  - Masonry (1.1.0)
  - ReactiveCocoa (2.5):
    - ReactiveCocoa/UI (= 2.5)
  - ReactiveCocoa/Core (2.5):
    - ReactiveCocoa/no-arc
  - ReactiveCocoa/no-arc (2.5)
  - ReactiveCocoa/UI (2.5):
    - ReactiveCocoa/Core

DEPENDENCIES:
  - Masonry
  - ReactiveCocoa (~> 2.5)

SPEC REPOS:
  https://github.com/cocoapods/specs.git:
    - Masonry
    - ReactiveCocoa

SPEC CHECKSUMS:
  Masonry: 678fab65091a9290e40e2832a55e7ab731aad201
  ReactiveCocoa: e2db045570aa97c695e7aa97c2bcab222ae51f4a

PODFILE CHECKSUM: 36d90e041604a26d23ddec78b9674c8dbad11096

COCOAPODS: 1.5.3
